
Microsoft Visual Studio Solution File, Format Version 12.00
# Visual Studio Version 17
VisualStudioVersion = 17.10.35004.147
MinimumVisualStudioVersion = 10.0.40219.1
Project("{FAE04EC0-301F-11D3-BF4B-00C04F79EFBC}") = "AccessScope", "AccessScope\AccessScope.csproj", "{03DB9B3F-B1DB-4947-8A04-F0955B091CAB}"
EndProject
Global
	GlobalSection(SolutionConfigurationPlatforms) = preSolution
		Debug|Any CPU = Debug|Any CPU
		Release|Any CPU = Release|Any CPU
	EndGlobalSection
	GlobalSection(ProjectConfigurationPlatforms) = postSolution
		{03DB9B3F-B1DB-4947-8A04-F0955B091CAB}.Debug|Any CPU.ActiveCfg = Debug|Any CPU
		{03DB9B3F-B1DB-4947-8A04-F0955B091CAB}.Debug|Any CPU.Build.0 = Debug|Any CPU
		{03DB9B3F-B1DB-4947-8A04-F0955B091CAB}.Release|Any CPU.ActiveCfg = Release|Any CPU
		{03DB9B3F-B1DB-4947-8A04-F0955B091CAB}.Release|Any CPU.Build.0 = Release|Any CPU
	EndGlobalSection
	GlobalSection(SolutionProperties) = preSolution
		HideSolutionNode = FALSE
	EndGlobalSection
	GlobalSection(ExtensibilityGlobals) = postSolution
		SolutionGuid = {73AF6ECF-4AAA-46D6-A550-B0D6C96CE449}
	EndGlobalSection
EndGlobal
